
Microsoft Visual Studio Solution File, Format Version 12.00
# Visual Studio 15
VisualStudioVersion = 15.0.27703.2035
MinimumVisualStudioVersion = 10.0.40219.1
Project("{FAE04EC0-301F-11D3-BF4B-00C04F79EFBC}") = "WebNews_API_19089", "WebNews_API_19089\WebNews_API_19089.csproj", "{F97DE8C7-DF68-41A9-B7C3-27343084C589}"
EndProject
Global
	GlobalSection(SolutionConfigurationPlatforms) = preSolution
		Debug|Any CPU = Debug|Any CPU
		Release|Any CPU = Release|Any CPU
	EndGlobalSection
	GlobalSection(ProjectConfigurationPlatforms) = postSolution
		{F97DE8C7-DF68-41A9-B7C3-27343084C589}.Debug|Any CPU.ActiveCfg = Debug|Any CPU
		{F97DE8C7-DF68-41A9-B7C3-27343084C589}.Debug|Any CPU.Build.0 = Debug|Any CPU
		{F97DE8C7-DF68-41A9-B7C3-27343084C589}.Release|Any CPU.ActiveCfg = Release|Any CPU
		{F97DE8C7-DF68-41A9-B7C3-27343084C589}.Release|Any CPU.Build.0 = Release|Any CPU
	EndGlobalSection
	GlobalSection(SolutionProperties) = preSolution
		HideSolutionNode = FALSE
	EndGlobalSection
	GlobalSection(ExtensibilityGlobals) = postSolution
		SolutionGuid = {DD773AE5-D865-4D93-B646-DB4042E09BE1}
	EndGlobalSection
EndGlobal
